{
  "name": "generator-learn",
  "version": "1.0.0",
  "lockfileVersion": 1,
  "requires": true,
  "dependencies": {
    "yeoman-generator": {
      "version": "4.1.0",
      "resolved": "https://registry.npm.taobao.org/yeoman-generator/download/yeoman-generator-4.1.0.tgz?cache=0&other_urls=https%3A%2F%2Fregistry.npm.taobao.org%2Fyeoman-generator%2Fdownload%2Fyeoman-generator-4.1.0.tgz",
      "dependencies": {
        "async": {
          "version": "https://registry.npm.taobao.org/async/download/async-2.6.3.tgz",
          "bundled": true
        },
        "chalk": {
          "version": "https://registry.npm.taobao.org/chalk/download/chalk-2.4.2.tgz",
          "bundled": true,
          "dependencies": {
            "ansi-styles": {
              "version": "https://registry.npm.taobao.org/ansi-styles/download/ansi-styles-3.2.1.tgz?cache=0&other_urls=https%3A%2F%2Fregistry.npm.taobao.org%2Fansi-styles%2Fdownload%2Fansi-styles-3.2.1.tgz"
            },
            "escape-string-regexp": {
              "version": "https://registry.npm.taobao.org/escape-string-regexp/download/escape-string-regexp-1.0.5.tgz"
            },
            "supports-color": {
              "version": "https://registry.npm.taobao.org/supports-color/download/supports-color-5.5.0.tgz?cache=0&sync_timestamp=1569557239279&other_urls=https%3A%2F%2Fregistry.npm.taobao.org%2Fsupports-color%2Fdownload%2Fsupports-color-5.5.0.tgz"
            }
          }
        },
        "cli-table": {
          "version": "https://registry.npm.taobao.org/cli-table/download/cli-table-0.3.1.tgz",
          "bundled": true
        },
        "cross-spawn": {
          "version": "https://registry.npm.taobao.org/cross-spawn/download/cross-spawn-6.0.5.tgz?cache=0&sync_timestamp=1567511208574&other_urls=https%3A%2F%2Fregistry.npm.taobao.org%2Fcross-spawn%2Fdownload%2Fcross-spawn-6.0.5.tgz",
          "bundled": true
        },
        "dargs": {
          "version": "https://registry.npm.taobao.org/dargs/download/dargs-6.1.0.tgz",
          "bundled": true
        },
        "dateformat": {
          "version": "https://registry.npm.taobao.org/dateformat/download/dateformat-3.0.3.tgz",
          "bundled": true
        },
        "debug": {
          "version": "https://registry.npm.taobao.org/debug/download/debug-4.1.1.tgz",
          "bundled": true
        },
        "detect-conflict": {
          "version": "https://registry.npm.taobao.org/detect-conflict/download/detect-conflict-1.0.1.tgz",
          "bundled": true
        },
        "error": {
          "version": "https://registry.npm.taobao.org/error/download/error-7.2.0.tgz",
          "bundled": true
        },
        "find-up": {
          "version": "https://registry.npm.taobao.org/find-up/download/find-up-3.0.0.tgz",
          "bundled": true,
          "dependencies": {
            "locate-path": {
              "version": "https://registry.npm.taobao.org/locate-path/download/locate-path-3.0.0.tgz"
            }
          }
        },
        "github-username": {
          "version": "https://registry.npm.taobao.org/github-username/download/github-username-3.0.0.tgz?cache=0&other_urls=https%3A%2F%2Fregistry.npm.taobao.org%2Fgithub-username%2Fdownload%2Fgithub-username-3.0.0.tgz",
          "bundled": true
        },
        "istextorbinary": {
          "version": "https://registry.npm.taobao.org/istextorbinary/download/istextorbinary-2.5.1.tgz",
          "bundled": true
        },
        "lodash": {
          "version": "https://registry.npm.taobao.org/lodash/download/lodash-4.17.15.tgz",
          "bundled": true
        },
        "make-dir": {
          "version": "https://registry.npm.taobao.org/make-dir/download/make-dir-3.0.0.tgz",
          "bundled": true
        },
        "mem-fs-editor": {
          "version": "https://registry.npm.taobao.org/mem-fs-editor/download/mem-fs-editor-6.0.0.tgz",
          "bundled": true,
          "dependencies": {
            "commondir": {
              "version": "https://registry.npm.taobao.org/commondir/download/commondir-1.0.1.tgz",
              "bundled": true
            },
            "deep-extend": {
              "version": "https://registry.npm.taobao.org/deep-extend/download/deep-extend-0.6.0.tgz",
              "bundled": true
            },
            "ejs": {
              "version": "https://registry.npm.taobao.org/ejs/download/ejs-2.7.1.tgz",
              "bundled": true
            },
            "glob": {
              "version": "https://registry.npm.taobao.org/glob/download/glob-7.1.4.tgz?cache=0&sync_timestamp=1563338628970&other_urls=https%3A%2F%2Fregistry.npm.taobao.org%2Fglob%2Fdownload%2Fglob-7.1.4.tgz",
              "bundled": true,
              "dependencies": {
                "fs.realpath": {
                  "version": "https://registry.npm.taobao.org/fs.realpath/download/fs.realpath-1.0.0.tgz"
                },
                "inflight": {
                  "version": "https://registry.npm.taobao.org/inflight/download/inflight-1.0.6.tgz"
                },
                "inherits": {
                  "version": "https://registry.npm.taobao.org/inherits/download/inherits-2.0.4.tgz"
                },
                "minimatch": {
                  "version": "https://registry.npm.taobao.org/minimatch/download/minimatch-3.0.4.tgz"
                },
                "once": {
                  "version": "https://registry.npm.taobao.org/once/download/once-1.4.0.tgz",
                  "dependencies": {
                    "wrappy": {
                      "version": "https://registry.npm.taobao.org/wrappy/download/wrappy-1.0.2.tgz",
                      "bundled": true
                    }
                  }
                },
                "path-is-absolute": {
                  "version": "https://registry.npm.taobao.org/path-is-absolute/download/path-is-absolute-1.0.1.tgz"
                }
              }
            },
            "globby": {
              "version": "https://registry.npm.taobao.org/globby/download/globby-9.2.0.tgz",
              "bundled": true,
              "dependencies": {
                "@types/glob": {
                  "version": "https://registry.npm.taobao.org/@types/glob/download/@types/glob-7.1.1.tgz"
                },
                "array-union": {
                  "version": "https://registry.npm.taobao.org/array-union/download/array-union-1.0.2.tgz",
                  "dependencies": {
                    "array-uniq": {
                      "version": "https://registry.npm.taobao.org/array-uniq/download/array-uniq-1.0.3.tgz"
                    }
                  }
                },
                "dir-glob": {
                  "version": "https://registry.npm.taobao.org/dir-glob/download/dir-glob-2.2.2.tgz"
                },
                "fast-glob": {
                  "version": "https://registry.npm.taobao.org/fast-glob/download/fast-glob-2.2.7.tgz",
                  "dependencies": {
                    "@mrmlnc/readdir-enhanced": {
                      "version": "https://registry.npm.taobao.org/@mrmlnc/readdir-enhanced/download/@mrmlnc/readdir-enhanced-2.2.1.tgz"
                    },
                    "@nodelib/fs.stat": {
                      "version": "https://registry.npm.taobao.org/@nodelib/fs.stat/download/@nodelib/fs.stat-1.1.3.tgz"
                    },
                    "glob-parent": {
                      "version": "https://registry.npm.taobao.org/glob-parent/download/glob-parent-3.1.0.tgz"
                    },
                    "is-glob": {
                      "version": "https://registry.npm.taobao.org/is-glob/download/is-glob-4.0.1.tgz"
                    },
                    "merge2": {
                      "version": "https://registry.npm.taobao.org/merge2/download/merge2-1.3.0.tgz"
                    },
                    "micromatch": {
                      "version": "https://registry.npm.taobao.org/micromatch/download/micromatch-3.1.10.tgz"
                    }
                  }
                },
                "glob": {
                  "version": "https://registry.npm.taobao.org/glob/download/glob-7.1.4.tgz?cache=0&sync_timestamp=1563338628970&other_urls=https%3A%2F%2Fregistry.npm.taobao.org%2Fglob%2Fdownload%2Fglob-7.1.4.tgz"
                },
                "ignore": {
                  "version": "https://registry.npm.taobao.org/ignore/download/ignore-4.0.6.tgz"
                },
                "pify": {
                  "version": "https://registry.npm.taobao.org/pify/download/pify-4.0.1.tgz"
                },
                "slash": {
                  "version": "https://registry.npm.taobao.org/slash/download/slash-2.0.0.tgz"
                }
              }
            },
            "isbinaryfile": {
              "version": "https://registry.npm.taobao.org/isbinaryfile/download/isbinaryfile-4.0.2.tgz",
              "bundled": true
            },
            "mkdirp": {
              "version": "https://registry.npm.taobao.org/mkdirp/download/mkdirp-0.5.1.tgz?cache=0&other_urls=https%3A%2F%2Fregistry.npm.taobao.org%2Fmkdirp%2Fdownload%2Fmkdirp-0.5.1.tgz",
              "bundled": true
            },
            "multimatch": {
              "version": "https://registry.npm.taobao.org/multimatch/download/multimatch-4.0.0.tgz",
              "bundled": true
            },
            "rimraf": {
              "version": "https://registry.npm.taobao.org/rimraf/download/rimraf-2.7.1.tgz",
              "bundled": true,
              "dependencies": {
                "glob": {
                  "version": "https://registry.npm.taobao.org/glob/download/glob-7.1.4.tgz?cache=0&sync_timestamp=1563338628970&other_urls=https%3A%2F%2Fregistry.npm.taobao.org%2Fglob%2Fdownload%2Fglob-7.1.4.tgz",
                  "bundled": true,
                  "dependencies": {
                    "fs.realpath": {
                      "version": "https://registry.npm.taobao.org/fs.realpath/download/fs.realpath-1.0.0.tgz"
                    },
                    "inflight": {
                      "version": "https://registry.npm.taobao.org/inflight/download/inflight-1.0.6.tgz"
                    },
                    "inherits": {
                      "version": "https://registry.npm.taobao.org/inherits/download/inherits-2.0.4.tgz"
                    },
                    "minimatch": {
                      "version": "https://registry.npm.taobao.org/minimatch/download/minimatch-3.0.4.tgz"
                    },
                    "once": {
                      "version": "https://registry.npm.taobao.org/once/download/once-1.4.0.tgz",
                      "dependencies": {}
                    },
                    "path-is-absolute": {
                      "version": "https://registry.npm.taobao.org/path-is-absolute/download/path-is-absolute-1.0.1.tgz"
                    }
                  }
                }
              }
            },
            "through2": {
              "version": "https://registry.npm.taobao.org/through2/download/through2-3.0.1.tgz?cache=0&other_urls=https%3A%2F%2Fregistry.npm.taobao.org%2Fthrough2%2Fdownload%2Fthrough2-3.0.1.tgz",
              "bundled": true
            },
            "vinyl": {
              "version": "https://registry.npm.taobao.org/vinyl/download/vinyl-2.2.0.tgz",
              "bundled": true
            }
          }
        },
        "minimist": {
          "version": "https://registry.npm.taobao.org/minimist/download/minimist-1.2.0.tgz",
          "bundled": true
        },
        "pretty-bytes": {
          "version": "https://registry.npm.taobao.org/pretty-bytes/download/pretty-bytes-5.3.0.tgz",
          "bundled": true
        },
        "read-chunk": {
          "version": "https://registry.npm.taobao.org/read-chunk/download/read-chunk-3.2.0.tgz",
          "bundled": true
        },
        "read-pkg-up": {
          "version": "https://registry.npm.taobao.org/read-pkg-up/download/read-pkg-up-5.0.0.tgz?cache=0&sync_timestamp=1569564346247&other_urls=https%3A%2F%2Fregistry.npm.taobao.org%2Fread-pkg-up%2Fdownload%2Fread-pkg-up-5.0.0.tgz",
          "bundled": true,
          "dependencies": {
            "find-up": {
              "version": "https://registry.npm.taobao.org/find-up/download/find-up-3.0.0.tgz"
            },
            "read-pkg": {
              "version": "https://registry.npm.taobao.org/read-pkg/download/read-pkg-5.2.0.tgz",
              "dependencies": {
                "@types/normalize-package-data": {
                  "version": "https://registry.npm.taobao.org/@types/normalize-package-data/download/@types/normalize-package-data-2.4.0.tgz"
                },
                "normalize-package-data": {
                  "version": "https://registry.npm.taobao.org/normalize-package-data/download/normalize-package-data-2.5.0.tgz",
                  "dependencies": {
                    "hosted-git-info": {
                      "version": "https://registry.npm.taobao.org/hosted-git-info/download/hosted-git-info-2.8.4.tgz",
                      "bundled": true
                    },
                    "resolve": {
                      "version": "https://registry.npm.taobao.org/resolve/download/resolve-1.12.0.tgz?cache=0&sync_timestamp=1564641434608&other_urls=https%3A%2F%2Fregistry.npm.taobao.org%2Fresolve%2Fdownload%2Fresolve-1.12.0.tgz",
                      "bundled": true,
                      "dependencies": {
                        "path-parse": {
                          "version": "https://registry.npm.taobao.org/path-parse/download/path-parse-1.0.6.tgz",
                          "bundled": true
                        }
                      }
                    },
                    "semver": {
                      "version": "https://registry.npm.taobao.org/semver/download/semver-5.7.1.tgz",
                      "bundled": true
                    },
                    "validate-npm-package-license": {
                      "version": "https://registry.npm.taobao.org/validate-npm-package-license/download/validate-npm-package-license-3.0.4.tgz",
                      "bundled": true
                    }
                  }
                },
                "parse-json": {
                  "version": "https://registry.npm.taobao.org/parse-json/download/parse-json-5.0.0.tgz"
                },
                "type-fest": {
                  "version": "https://registry.npm.taobao.org/type-fest/download/type-fest-0.6.0.tgz"
                }
              }
            }
          }
        },
        "rimraf": {
          "version": "https://registry.npm.taobao.org/rimraf/download/rimraf-2.7.1.tgz",
          "bundled": true
        },
        "run-async": {
          "version": "https://registry.npm.taobao.org/run-async/download/run-async-2.3.0.tgz",
          "bundled": true,
          "dependencies": {
            "is-promise": {
              "version": "https://registry.npm.taobao.org/is-promise/download/is-promise-2.1.0.tgz"
            }
          }
        },
        "shelljs": {
          "version": "https://registry.npm.taobao.org/shelljs/download/shelljs-0.8.3.tgz",
          "bundled": true,
          "dependencies": {
            "glob": {
              "version": "https://registry.npm.taobao.org/glob/download/glob-7.1.4.tgz?cache=0&sync_timestamp=1563338628970&other_urls=https%3A%2F%2Fregistry.npm.taobao.org%2Fglob%2Fdownload%2Fglob-7.1.4.tgz",
              "bundled": true,
              "dependencies": {
                "fs.realpath": {
                  "version": "https://registry.npm.taobao.org/fs.realpath/download/fs.realpath-1.0.0.tgz"
                },
                "inflight": {
                  "version": "https://registry.npm.taobao.org/inflight/download/inflight-1.0.6.tgz"
                },
                "inherits": {
                  "version": "https://registry.npm.taobao.org/inherits/download/inherits-2.0.4.tgz"
                },
                "minimatch": {
                  "version": "https://registry.npm.taobao.org/minimatch/download/minimatch-3.0.4.tgz"
                },
                "once": {
                  "version": "https://registry.npm.taobao.org/once/download/once-1.4.0.tgz",
                  "dependencies": {}
                },
                "path-is-absolute": {
                  "version": "https://registry.npm.taobao.org/path-is-absolute/download/path-is-absolute-1.0.1.tgz"
                }
              }
            },
            "interpret": {
              "version": "https://registry.npm.taobao.org/interpret/download/interpret-1.2.0.tgz",
              "bundled": true
            },
            "rechoir": {
              "version": "https://registry.npm.taobao.org/rechoir/download/rechoir-0.6.2.tgz",
              "bundled": true
            }
          }
        },
        "text-table": {
          "version": "https://registry.npm.taobao.org/text-table/download/text-table-0.2.0.tgz",
          "bundled": true
        },
        "through2": {
          "version": "https://registry.npm.taobao.org/through2/download/through2-3.0.1.tgz?cache=0&other_urls=https%3A%2F%2Fregistry.npm.taobao.org%2Fthrough2%2Fdownload%2Fthrough2-3.0.1.tgz",
          "bundled": true,
          "dependencies": {
            "readable-stream": {
              "version": "https://registry.npm.taobao.org/readable-stream/download/readable-stream-3.4.0.tgz",
              "bundled": true
            }
          }
        },
        "yeoman-environment": {
          "version": "https://registry.npm.taobao.org/yeoman-environment/download/yeoman-environment-2.4.0.tgz",
          "bundled": true,
          "dependencies": {
            "chalk": {
              "version": "https://registry.npm.taobao.org/chalk/download/chalk-2.4.2.tgz",
              "dependencies": {
                "ansi-styles": {
                  "version": "https://registry.npm.taobao.org/ansi-styles/download/ansi-styles-3.2.1.tgz?cache=0&other_urls=https%3A%2F%2Fregistry.npm.taobao.org%2Fansi-styles%2Fdownload%2Fansi-styles-3.2.1.tgz"
                },
                "escape-string-regexp": {
                  "version": "https://registry.npm.taobao.org/escape-string-regexp/download/escape-string-regexp-1.0.5.tgz"
                },
                "supports-color": {
                  "version": "https://registry.npm.taobao.org/supports-color/download/supports-color-5.5.0.tgz?cache=0&sync_timestamp=1569557239279&other_urls=https%3A%2F%2Fregistry.npm.taobao.org%2Fsupports-color%2Fdownload%2Fsupports-color-5.5.0.tgz"
                }
              }
            },
            "cross-spawn": {
              "version": "https://registry.npm.taobao.org/cross-spawn/download/cross-spawn-6.0.5.tgz?cache=0&sync_timestamp=1567511208574&other_urls=https%3A%2F%2Fregistry.npm.taobao.org%2Fcross-spawn%2Fdownload%2Fcross-spawn-6.0.5.tgz",
              "dependencies": {
                "nice-try": {
                  "version": "https://registry.npm.taobao.org/nice-try/download/nice-try-1.0.5.tgz"
                },
                "path-key": {
                  "version": "https://registry.npm.taobao.org/path-key/download/path-key-2.0.1.tgz"
                },
                "semver": {
                  "version": "https://registry.npm.taobao.org/semver/download/semver-5.7.1.tgz"
                },
                "shebang-command": {
                  "version": "https://registry.npm.taobao.org/shebang-command/download/shebang-command-1.2.0.tgz"
                },
                "which": {
                  "version": "https://registry.npm.taobao.org/which/download/which-1.3.1.tgz"
                }
              }
            },
            "debug": {
              "version": "https://registry.npm.taobao.org/debug/download/debug-3.2.6.tgz"
            },
            "diff": {
              "version": "https://registry.npm.taobao.org/diff/download/diff-3.5.0.tgz"
            },
            "escape-string-regexp": {
              "version": "https://registry.npm.taobao.org/escape-string-regexp/download/escape-string-regexp-1.0.5.tgz"
            },
            "globby": {
              "version": "https://registry.npm.taobao.org/globby/download/globby-8.0.2.tgz"
            },
            "grouped-queue": {
              "version": "https://registry.npm.taobao.org/grouped-queue/download/grouped-queue-0.3.3.tgz"
            },
            "inquirer": {
              "version": "https://registry.npm.taobao.org/inquirer/download/inquirer-6.5.2.tgz",
              "dependencies": {
                "ansi-escapes": {
                  "version": "https://registry.npm.taobao.org/ansi-escapes/download/ansi-escapes-3.2.0.tgz"
                },
                "chalk": {
                  "version": "https://registry.npm.taobao.org/chalk/download/chalk-2.4.2.tgz",
                  "dependencies": {
                    "ansi-styles": {
                      "version": "https://registry.npm.taobao.org/ansi-styles/download/ansi-styles-3.2.1.tgz?cache=0&other_urls=https%3A%2F%2Fregistry.npm.taobao.org%2Fansi-styles%2Fdownload%2Fansi-styles-3.2.1.tgz"
                    },
                    "escape-string-regexp": {
                      "version": "https://registry.npm.taobao.org/escape-string-regexp/download/escape-string-regexp-1.0.5.tgz"
                    },
                    "supports-color": {
                      "version": "https://registry.npm.taobao.org/supports-color/download/supports-color-5.5.0.tgz?cache=0&sync_timestamp=1569557239279&other_urls=https%3A%2F%2Fregistry.npm.taobao.org%2Fsupports-color%2Fdownload%2Fsupports-color-5.5.0.tgz"
                    }
                  }
                },
                "cli-cursor": {
                  "version": "https://registry.npm.taobao.org/cli-cursor/download/cli-cursor-2.1.0.tgz?cache=0&other_urls=https%3A%2F%2Fregistry.npm.taobao.org%2Fcli-cursor%2Fdownload%2Fcli-cursor-2.1.0.tgz"
                },
                "cli-width": {
                  "version": "https://registry.npm.taobao.org/cli-width/download/cli-width-2.2.0.tgz"
                },
                "external-editor": {
                  "version": "https://registry.npm.taobao.org/external-editor/download/external-editor-3.1.0.tgz?cache=0&other_urls=https%3A%2F%2Fregistry.npm.taobao.org%2Fexternal-editor%2Fdownload%2Fexternal-editor-3.1.0.tgz"
                },
                "figures": {
                  "version": "https://registry.npm.taobao.org/figures/download/figures-2.0.0.tgz"
                },
                "lodash": {
                  "version": "https://registry.npm.taobao.org/lodash/download/lodash-4.17.15.tgz"
                },
                "mute-stream": {
                  "version": "https://registry.npm.taobao.org/mute-stream/download/mute-stream-0.0.7.tgz"
                },
                "run-async": {
                  "version": "https://registry.npm.taobao.org/run-async/download/run-async-2.3.0.tgz"
                },
                "rxjs": {
                  "version": "https://registry.npm.taobao.org/rxjs/download/rxjs-6.5.3.tgz?cache=0&sync_timestamp=1568816117413&other_urls=https%3A%2F%2Fregistry.npm.taobao.org%2Frxjs%2Fdownload%2Frxjs-6.5.3.tgz"
                },
                "string-width": {
                  "version": "https://registry.npm.taobao.org/string-width/download/string-width-2.1.1.tgz"
                },
                "strip-ansi": {
                  "version": "https://registry.npm.taobao.org/strip-ansi/download/strip-ansi-5.2.0.tgz"
                },
                "through": {
                  "version": "https://registry.npm.taobao.org/through/download/through-2.3.8.tgz"
                }
              }
            },
            "is-scoped": {
              "version": "https://registry.npm.taobao.org/is-scoped/download/is-scoped-1.0.0.tgz"
            },
            "lodash": {
              "version": "https://registry.npm.taobao.org/lodash/download/lodash-4.17.15.tgz"
            },
            "log-symbols": {
              "version": "https://registry.npm.taobao.org/log-symbols/download/log-symbols-2.2.0.tgz"
            },
            "mem-fs": {
              "version": "https://registry.npm.taobao.org/mem-fs/download/mem-fs-1.1.3.tgz",
              "dependencies": {
                "through2": {
                  "version": "https://registry.npm.taobao.org/through2/download/through2-2.0.5.tgz?cache=0&other_urls=https%3A%2F%2Fregistry.npm.taobao.org%2Fthrough2%2Fdownload%2Fthrough2-2.0.5.tgz"
                },
                "vinyl": {
                  "version": "https://registry.npm.taobao.org/vinyl/download/vinyl-1.2.0.tgz"
                },
                "vinyl-file": {
                  "version": "https://registry.npm.taobao.org/vinyl-file/download/vinyl-file-2.0.0.tgz"
                }
              }
            },
            "strip-ansi": {
              "version": "https://registry.npm.taobao.org/strip-ansi/download/strip-ansi-4.0.0.tgz"
            },
            "text-table": {
              "version": "https://registry.npm.taobao.org/text-table/download/text-table-0.2.0.tgz"
            },
            "untildify": {
              "version": "https://registry.npm.taobao.org/untildify/download/untildify-3.0.3.tgz"
            }
          }
        }
      }
    }
  }
}
